{
  "name": "Xenial.Identity",
  "version": "1.0.0",
  "lockfileVersion": 1,
  "requires": true,
  "dependencies": {
    "@xenial-io/xenial-template": {
      "version": "0.0.7",
      "resolved": "https://registry.npmjs.org/@xenial-io/xenial-template/-/xenial-template-0.0.7.tgz",
      "integrity": "sha512-SdWkv99927xfu7MfGxPCfhXNr03cYNOP6OHpnE+nmiT31oq6x6/RyzC00CyXogTsTAG/KRmvzByYcG6CZVHnfA=="
    }
  }
}
