
Microsoft Visual Studio Solution File, Format Version 12.00
# Visual Studio Version 17
VisualStudioVersion = 17.2.32616.157
MinimumVisualStudioVersion = 15.0.26124.0
Project("{2150E333-8FDC-42A3-9474-1A3956D46DE8}") = "src", "src", "{9F253852-1584-4769-BC8C-EF3EE2B67216}"
	ProjectSection(SolutionItems) = preProject
		Directory.Build.props = Directory.Build.props
	EndProjectSection
EndProject
Project("{9A19103F-16F7-4668-BE54-9A1E7A4F7556}") = "Xenial.Identity", "src\Xenial.Identity\Xenial.Identity.csproj", "{F4B69847-F79C-494A-B9DE-D9FA7842E295}"
EndProject
Project("{9A19103F-16F7-4668-BE54-9A1E7A4F7556}") = "Xenial.Identity.Xpo.Storage", "src\Xenial.Identity.Xpo.Storage\Xenial.Identity.Xpo.Storage.csproj", "{F81E6750-0688-4586-87D5-A736C677196B}"
EndProject
Project("{9A19103F-16F7-4668-BE54-9A1E7A4F7556}") = "Xenial.Identity.Xpo.Storage.Tests", "src\Xenial.Identity.Xpo.Storage.Tests\Xenial.Identity.Xpo.Storage.Tests.csproj", "{4EFB3C35-EE20-4714-A15F-536AC6A5A421}"
EndProject
Project("{9A19103F-16F7-4668-BE54-9A1E7A4F7556}") = "Xenial.Identity.Xpo", "src\Xenial.Identity.Xpo\Xenial.Identity.Xpo.csproj", "{8F155CB9-132B-4B1E-AFFF-D2820D70B753}"
EndProject
Project("{9A19103F-16F7-4668-BE54-9A1E7A4F7556}") = "Xenial.AspNetIdentity.Xpo", "src\Xenial.AspNetIdentity.Xpo\Xenial.AspNetIdentity.Xpo.csproj", "{FC700C56-9DBA-452F-B602-D90EA76BDBF7}"
EndProject
Project("{9A19103F-16F7-4668-BE54-9A1E7A4F7556}") = "Xenial.AspNetIdentity.Xpo.Tests", "src\Xenial.AspNetIdentity.Xpo.Tests\Xenial.AspNetIdentity.Xpo.Tests.csproj", "{02363DDF-6C4D-4703-8554-F680154F70C7}"
EndProject
Project("{9A19103F-16F7-4668-BE54-9A1E7A4F7556}") = "Xenial.AspNetIdentity.Xpo.Generators", "src\Xenial.AspNetIdentity.Xpo.Generators\Xenial.AspNetIdentity.Xpo.Generators.csproj", "{98110FE3-FACB-4A9F-B7DD-14861C993BDD}"
EndProject
Project("{2150E333-8FDC-42A3-9474-1A3956D46DE8}") = "Solution Items", "Solution Items", "{F2C755B7-C50F-4D8A-A030-2D5DF2FA095F}"
	ProjectSection(SolutionItems) = preProject
		global.json = global.json
	EndProjectSection
EndProject
Global
	GlobalSection(SolutionConfigurationPlatforms) = preSolution
		Debug|Any CPU = Debug|Any CPU
		Debug|x64 = Debug|x64
		Debug|x86 = Debug|x86
		Release|Any CPU = Release|Any CPU
		Release|x64 = Release|x64
		Release|x86 = Release|x86
	EndGlobalSection
	GlobalSection(ProjectConfigurationPlatforms) = postSolution
		{F4B69847-F79C-494A-B9DE-D9FA7842E295}.Debug|Any CPU.ActiveCfg = Debug|Any CPU
		{F4B69847-F79C-494A-B9DE-D9FA7842E295}.Debug|Any CPU.Build.0 = Debug|Any CPU
		{F4B69847-F79C-494A-B9DE-D9FA7842E295}.Debug|x64.ActiveCfg = Debug|Any CPU
		{F4B69847-F79C-494A-B9DE-D9FA7842E295}.Debug|x64.Build.0 = Debug|Any CPU
		{F4B69847-F79C-494A-B9DE-D9FA7842E295}.Debug|x86.ActiveCfg = Debug|Any CPU
		{F4B69847-F79C-494A-B9DE-D9FA7842E295}.Debug|x86.Build.0 = Debug|Any CPU
		{F4B69847-F79C-494A-B9DE-D9FA7842E295}.Release|Any CPU.ActiveCfg = Release|Any CPU
		{F4B69847-F79C-494A-B9DE-D9FA7842E295}.Release|Any CPU.Build.0 = Release|Any CPU
		{F4B69847-F79C-494A-B9DE-D9FA7842E295}.Release|x64.ActiveCfg = Release|Any CPU
		{F4B69847-F79C-494A-B9DE-D9FA7842E295}.Release|x64.Build.0 = Release|Any CPU
		{F4B69847-F79C-494A-B9DE-D9FA7842E295}.Release|x86.ActiveCfg = Release|Any CPU
		{F4B69847-F79C-494A-B9DE-D9FA7842E295}.Release|x86.Build.0 = Release|Any CPU
		{F81E6750-0688-4586-87D5-A736C677196B}.Debug|Any CPU.ActiveCfg = Debug|Any CPU
		{F81E6750-0688-4586-87D5-A736C677196B}.Debug|Any CPU.Build.0 = Debug|Any CPU
		{F81E6750-0688-4586-87D5-A736C677196B}.Debug|x64.ActiveCfg = Debug|Any CPU
		{F81E6750-0688-4586-87D5-A736C677196B}.Debug|x64.Build.0 = Debug|Any CPU
		{F81E6750-0688-4586-87D5-A736C677196B}.Debug|x86.ActiveCfg = Debug|Any CPU
		{F81E6750-0688-4586-87D5-A736C677196B}.Debug|x86.Build.0 = Debug|Any CPU
		{F81E6750-0688-4586-87D5-A736C677196B}.Release|Any CPU.ActiveCfg = Release|Any CPU
		{F81E6750-0688-4586-87D5-A736C677196B}.Release|Any CPU.Build.0 = Release|Any CPU
		{F81E6750-0688-4586-87D5-A736C677196B}.Release|x64.ActiveCfg = Release|Any CPU
		{F81E6750-0688-4586-87D5-A736C677196B}.Release|x64.Build.0 = Release|Any CPU
		{F81E6750-0688-4586-87D5-A736C677196B}.Release|x86.ActiveCfg = Release|Any CPU
		{F81E6750-0688-4586-87D5-A736C677196B}.Release|x86.Build.0 = Release|Any CPU
		{4EFB3C35-EE20-4714-A15F-536AC6A5A421}.Debug|Any CPU.ActiveCfg = Debug|Any CPU
		{4EFB3C35-EE20-4714-A15F-536AC6A5A421}.Debug|Any CPU.Build.0 = Debug|Any CPU
		{4EFB3C35-EE20-4714-A15F-536AC6A5A421}.Debug|x64.ActiveCfg = Debug|Any CPU
		{4EFB3C35-EE20-4714-A15F-536AC6A5A421}.Debug|x64.Build.0 = Debug|Any CPU
		{4EFB3C35-EE20-4714-A15F-536AC6A5A421}.Debug|x86.ActiveCfg = Debug|Any CPU
		{4EFB3C35-EE20-4714-A15F-536AC6A5A421}.Debug|x86.Build.0 = Debug|Any CPU
		{4EFB3C35-EE20-4714-A15F-536AC6A5A421}.Release|Any CPU.ActiveCfg = Release|Any CPU
		{4EFB3C35-EE20-4714-A15F-536AC6A5A421}.Release|Any CPU.Build.0 = Release|Any CPU
		{4EFB3C35-EE20-4714-A15F-536AC6A5A421}.Release|x64.ActiveCfg = Release|Any CPU
		{4EFB3C35-EE20-4714-A15F-536AC6A5A421}.Release|x64.Build.0 = Release|Any CPU
		{4EFB3C35-EE20-4714-A15F-536AC6A5A421}.Release|x86.ActiveCfg = Release|Any CPU
		{4EFB3C35-EE20-4714-A15F-536AC6A5A421}.Release|x86.Build.0 = Release|Any CPU
		{8F155CB9-132B-4B1E-AFFF-D2820D70B753}.Debug|Any CPU.ActiveCfg = Debug|Any CPU
		{8F155CB9-132B-4B1E-AFFF-D2820D70B753}.Debug|Any CPU.Build.0 = Debug|Any CPU
		{8F155CB9-132B-4B1E-AFFF-D2820D70B753}.Debug|x64.ActiveCfg = Debug|Any CPU
		{8F155CB9-132B-4B1E-AFFF-D2820D70B753}.Debug|x64.Build.0 = Debug|Any CPU
		{8F155CB9-132B-4B1E-AFFF-D2820D70B753}.Debug|x86.ActiveCfg = Debug|Any CPU
		{8F155CB9-132B-4B1E-AFFF-D2820D70B753}.Debug|x86.Build.0 = Debug|Any CPU
		{8F155CB9-132B-4B1E-AFFF-D2820D70B753}.Release|Any CPU.ActiveCfg = Release|Any CPU
		{8F155CB9-132B-4B1E-AFFF-D2820D70B753}.Release|Any CPU.Build.0 = Release|Any CPU
		{8F155CB9-132B-4B1E-AFFF-D2820D70B753}.Release|x64.ActiveCfg = Release|Any CPU
		{8F155CB9-132B-4B1E-AFFF-D2820D70B753}.Release|x64.Build.0 = Release|Any CPU
		{8F155CB9-132B-4B1E-AFFF-D2820D70B753}.Release|x86.ActiveCfg = Release|Any CPU
		{8F155CB9-132B-4B1E-AFFF-D2820D70B753}.Release|x86.Build.0 = Release|Any CPU
		{FC700C56-9DBA-452F-B602-D90EA76BDBF7}.Debug|Any CPU.ActiveCfg = Debug|Any CPU
		{FC700C56-9DBA-452F-B602-D90EA76BDBF7}.Debug|Any CPU.Build.0 = Debug|Any CPU
		{FC700C56-9DBA-452F-B602-D90EA76BDBF7}.Debug|x64.ActiveCfg = Debug|Any CPU
		{FC700C56-9DBA-452F-B602-D90EA76BDBF7}.Debug|x64.Build.0 = Debug|Any CPU
		{FC700C56-9DBA-452F-B602-D90EA76BDBF7}.Debug|x86.ActiveCfg = Debug|Any CPU
		{FC700C56-9DBA-452F-B602-D90EA76BDBF7}.Debug|x86.Build.0 = Debug|Any CPU
		{FC700C56-9DBA-452F-B602-D90EA76BDBF7}.Release|Any CPU.ActiveCfg = Release|Any CPU
		{FC700C56-9DBA-452F-B602-D90EA76BDBF7}.Release|Any CPU.Build.0 = Release|Any CPU
		{FC700C56-9DBA-452F-B602-D90EA76BDBF7}.Release|x64.ActiveCfg = Release|Any CPU
		{FC700C56-9DBA-452F-B602-D90EA76BDBF7}.Release|x64.Build.0 = Release|Any CPU
		{FC700C56-9DBA-452F-B602-D90EA76BDBF7}.Release|x86.ActiveCfg = Release|Any CPU
		{FC700C56-9DBA-452F-B602-D90EA76BDBF7}.Release|x86.Build.0 = Release|Any CPU
		{02363DDF-6C4D-4703-8554-F680154F70C7}.Debug|Any CPU.ActiveCfg = Debug|Any CPU
		{02363DDF-6C4D-4703-8554-F680154F70C7}.Debug|Any CPU.Build.0 = Debug|Any CPU
		{02363DDF-6C4D-4703-8554-F680154F70C7}.Debug|x64.ActiveCfg = Debug|Any CPU
		{02363DDF-6C4D-4703-8554-F680154F70C7}.Debug|x64.Build.0 = Debug|Any CPU
		{02363DDF-6C4D-4703-8554-F680154F70C7}.Debug|x86.ActiveCfg = Debug|Any CPU
		{02363DDF-6C4D-4703-8554-F680154F70C7}.Debug|x86.Build.0 = Debug|Any CPU
		{02363DDF-6C4D-4703-8554-F680154F70C7}.Release|Any CPU.ActiveCfg = Release|Any CPU
		{02363DDF-6C4D-4703-8554-F680154F70C7}.Release|Any CPU.Build.0 = Release|Any CPU
		{02363DDF-6C4D-4703-8554-F680154F70C7}.Release|x64.ActiveCfg = Release|Any CPU
		{02363DDF-6C4D-4703-8554-F680154F70C7}.Release|x64.Build.0 = Release|Any CPU
		{02363DDF-6C4D-4703-8554-F680154F70C7}.Release|x86.ActiveCfg = Release|Any CPU
		{02363DDF-6C4D-4703-8554-F680154F70C7}.Release|x86.Build.0 = Release|Any CPU
		{98110FE3-FACB-4A9F-B7DD-14861C993BDD}.Debug|Any CPU.ActiveCfg = Debug|Any CPU
		{98110FE3-FACB-4A9F-B7DD-14861C993BDD}.Debug|Any CPU.Build.0 = Debug|Any CPU
		{98110FE3-FACB-4A9F-B7DD-14861C993BDD}.Debug|x64.ActiveCfg = Debug|Any CPU
		{98110FE3-FACB-4A9F-B7DD-14861C993BDD}.Debug|x64.Build.0 = Debug|Any CPU
		{98110FE3-FACB-4A9F-B7DD-14861C993BDD}.Debug|x86.ActiveCfg = Debug|Any CPU
		{98110FE3-FACB-4A9F-B7DD-14861C993BDD}.Debug|x86.Build.0 = Debug|Any CPU
		{98110FE3-FACB-4A9F-B7DD-14861C993BDD}.Release|Any CPU.ActiveCfg = Release|Any CPU
		{98110FE3-FACB-4A9F-B7DD-14861C993BDD}.Release|Any CPU.Build.0 = Release|Any CPU
		{98110FE3-FACB-4A9F-B7DD-14861C993BDD}.Release|x64.ActiveCfg = Release|Any CPU
		{98110FE3-FACB-4A9F-B7DD-14861C993BDD}.Release|x64.Build.0 = Release|Any CPU
		{98110FE3-FACB-4A9F-B7DD-14861C993BDD}.Release|x86.ActiveCfg = Release|Any CPU
		{98110FE3-FACB-4A9F-B7DD-14861C993BDD}.Release|x86.Build.0 = Release|Any CPU
	EndGlobalSection
	GlobalSection(SolutionProperties) = preSolution
		HideSolutionNode = FALSE
	EndGlobalSection
	GlobalSection(NestedProjects) = preSolution
		{F4B69847-F79C-494A-B9DE-D9FA7842E295} = {9F253852-1584-4769-BC8C-EF3EE2B67216}
		{F81E6750-0688-4586-87D5-A736C677196B} = {9F253852-1584-4769-BC8C-EF3EE2B67216}
		{4EFB3C35-EE20-4714-A15F-536AC6A5A421} = {9F253852-1584-4769-BC8C-EF3EE2B67216}
		{8F155CB9-132B-4B1E-AFFF-D2820D70B753} = {9F253852-1584-4769-BC8C-EF3EE2B67216}
		{FC700C56-9DBA-452F-B602-D90EA76BDBF7} = {9F253852-1584-4769-BC8C-EF3EE2B67216}
		{02363DDF-6C4D-4703-8554-F680154F70C7} = {9F253852-1584-4769-BC8C-EF3EE2B67216}
		{98110FE3-FACB-4A9F-B7DD-14861C993BDD} = {9F253852-1584-4769-BC8C-EF3EE2B67216}
	EndGlobalSection
	GlobalSection(ExtensibilityGlobals) = postSolution
		SolutionGuid = {54506508-3F71-4603-BEAB-1608975B4484}
	EndGlobalSection
EndGlobal
